
Microsoft Visual Studio Solution File, Format Version 12.00
# Visual Studio 15
VisualStudioVersion = 15.0.26430.12
MinimumVisualStudioVersion = 10.0.40219.1
Project("{FAE04EC0-301F-11D3-BF4B-00C04F79EFBC}") = "ArrangeNumbers", "ArrangeNumbers\ArrangeNumbers.csproj", "{28BF74BA-C97F-41FE-85A7-E106EC1EE7D7}"
EndProject
Project("{FAE04EC0-301F-11D3-BF4B-00C04F79EFBC}") = "BasicMarkupLanguage", "BasicMarkupLanguage\BasicMarkupLanguage.csproj", "{A29DB90D-8FA2-45E1-9C41-94CE9A63BD1D}"
EndProject
Project("{FAE04EC0-301F-11D3-BF4B-00C04F79EFBC}") = "Monopoly_matrix", "Monopoly_matrix\Monopoly_matrix.csproj", "{EADA6E09-BF4F-4DE4-A15A-B4CE0C7BDF15}"
EndProject
Project("{FAE04EC0-301F-11D3-BF4B-00C04F79EFBC}") = "ChampionsLeague", "ChampionsLeague\ChampionsLeague.csproj", "{C6D978B8-0A29-4BDD-8BCC-7FA6177C86E4}"
EndProject
Global
	GlobalSection(SolutionConfigurationPlatforms) = preSolution
		Debug|Any CPU = Debug|Any CPU
		Release|Any CPU = Release|Any CPU
	EndGlobalSection
	GlobalSection(ProjectConfigurationPlatforms) = postSolution
		{28BF74BA-C97F-41FE-85A7-E106EC1EE7D7}.Debug|Any CPU.ActiveCfg = Debug|Any CPU
		{28BF74BA-C97F-41FE-85A7-E106EC1EE7D7}.Debug|Any CPU.Build.0 = Debug|Any CPU
		{28BF74BA-C97F-41FE-85A7-E106EC1EE7D7}.Release|Any CPU.ActiveCfg = Release|Any CPU
		{28BF74BA-C97F-41FE-85A7-E106EC1EE7D7}.Release|Any CPU.Build.0 = Release|Any CPU
		{A29DB90D-8FA2-45E1-9C41-94CE9A63BD1D}.Debug|Any CPU.ActiveCfg = Debug|Any CPU
		{A29DB90D-8FA2-45E1-9C41-94CE9A63BD1D}.Debug|Any CPU.Build.0 = Debug|Any CPU
		{A29DB90D-8FA2-45E1-9C41-94CE9A63BD1D}.Release|Any CPU.ActiveCfg = Release|Any CPU
		{A29DB90D-8FA2-45E1-9C41-94CE9A63BD1D}.Release|Any CPU.Build.0 = Release|Any CPU
		{EADA6E09-BF4F-4DE4-A15A-B4CE0C7BDF15}.Debug|Any CPU.ActiveCfg = Debug|Any CPU
		{EADA6E09-BF4F-4DE4-A15A-B4CE0C7BDF15}.Debug|Any CPU.Build.0 = Debug|Any CPU
		{EADA6E09-BF4F-4DE4-A15A-B4CE0C7BDF15}.Release|Any CPU.ActiveCfg = Release|Any CPU
		{EADA6E09-BF4F-4DE4-A15A-B4CE0C7BDF15}.Release|Any CPU.Build.0 = Release|Any CPU
		{C6D978B8-0A29-4BDD-8BCC-7FA6177C86E4}.Debug|Any CPU.ActiveCfg = Debug|Any CPU
		{C6D978B8-0A29-4BDD-8BCC-7FA6177C86E4}.Debug|Any CPU.Build.0 = Debug|Any CPU
		{C6D978B8-0A29-4BDD-8BCC-7FA6177C86E4}.Release|Any CPU.ActiveCfg = Release|Any CPU
		{C6D978B8-0A29-4BDD-8BCC-7FA6177C86E4}.Release|Any CPU.Build.0 = Release|Any CPU
	EndGlobalSection
	GlobalSection(SolutionProperties) = preSolution
		HideSolutionNode = FALSE
	EndGlobalSection
EndGlobal
